<?xml version="1.0" encoding="utf-8"?>
<Project ToolsVersion="4.0" xmlns="http://schemas.microsoft.com/developer/msbuild/2003">
  <ItemGroup>
    <Filter Include="Source Files">
      <UniqueIdentifier>{3a2a1c40-affa-4f75-b888-3d181cdb608a}</UniqueIdentifier>
      <Extensions>cpp;cu</Extensions>
    </Filter>
    <Filter Include="Header Files">
      <UniqueIdentifier>{6cbf003f-5c98-4b48-96f1-fd3ea1e79660}</UniqueIdentifier>
      <Extensions>h</Extensions>
    </Filter>
  </ItemGroup>
  <ItemGroup>
    <ClCompile Include="src\CornellBox.cpp">
      <Filter>Source Files</Filter>
    </ClCompile>
    <ClCompile Include="src\PathTracer.cpp">
      <Filter>Source Files</Filter>
    </ClCompile>
    <ClCompile Include="src\OptixViewer.cpp">
      <Filter>Source Files</Filter>
    </ClCompile>
    <ClCompile Include="src\TestScene.cpp">
      <Filter>Source Files</Filter>
    </ClCompile>
  </ItemGroup>
  <ItemGroup>
    <CudaCompile Include="src\Camera.cu">
      <Filter>Source Files</Filter>
    </CudaCompile>
    <CudaCompile Include="src\Materials.cu">
      <Filter>Source Files</Filter>
    </CudaCompile>
    <CudaCompile Include="src\Sphere.cu">
      <Filter>Source Files</Filter>
    </CudaCompile>
    <CudaCompile Include="src\Plane.cu">
      <Filter>Source Files</Filter>
    </CudaCompile>
  </ItemGroup>
  <ItemGroup>
    <ClInclude Include="include\CornellBox.h">
      <Filter>Header Files</Filter>
    </ClInclude>
    <ClInclude Include="include\OptixScene.h">
      <Filter>Header Files</Filter>
    </ClInclude>
    <ClInclude Include="include\RayData.h">
      <Filter>Header Files</Filter>
    </ClInclude>
    <ClInclude Include="include\OptixViewer.h">
      <Filter>Header Files</Filter>
    </ClInclude>
    <ClInclude Include="include\TestScene.h">
      <Filter>Header Files</Filter>
    </ClInclude>
    <ClInclude Include="include\SphereLight.h">
      <Filter>Header Files</Filter>
    </ClInclude>
  </ItemGroup>
</Project>